lockfileVersion: '9.0'

settings:
  autoInstallPeers: true
  excludeLinksFromLockfile: false

importers:

  .:
    dependencies:
      '@minecraft/server':
        specifier: ^2.3.0
        version: 2.3.0(@minecraft/common@1.2.0)(@minecraft/vanilla-data@1.21.120)
    devDependencies:
      '@bedrock-apis/env-typescript':
        specifier: link:..
        version: link:..

packages:

  '@minecraft/common@1.2.0':
    resolution: {integrity: sha512-JdmEq4P3Z/FtoBzhLijFgMSVFnFRrUoLwY8DHHrgtFo0mfLTOLTB1RErYjLMsA6b7BGVNxkX/pfFRiH7QZ0XwQ==}

  '@minecraft/server@2.3.0':
    resolution: {integrity: sha512-2SXAjZPb67TRjVGVhSXST8ha9p9zrRw0LiCY6+Ul4RN62+j3BbeCMtvOlVLvZV/KjGJyw3fFxIw7SsTzi2szYw==}
    peerDependencies:
      '@minecraft/common': ^1.2.0
      '@minecraft/vanilla-data': '>=1.20.70'

  '@minecraft/vanilla-data@1.21.120':
    resolution: {integrity: sha512-Ku2oGRngFsJ/w34Fkx3T5BP5LnMGapKtrxO0ftVQFab8ipc9Yli+65B4MzorqH4zmcmoxyT1RE/1CA9JLfYEpw==}

snapshots:

  '@minecraft/common@1.2.0': {}

  '@minecraft/server@2.3.0(@minecraft/common@1.2.0)(@minecraft/vanilla-data@1.21.120)':
    dependencies:
      '@minecraft/common': 1.2.0
      '@minecraft/vanilla-data': 1.21.120

  '@minecraft/vanilla-data@1.21.120': {}
